// !$*UTF8*$!
{
	archiveVersion = 1;
	classes = {
	};
	objectVersion = 46;
	objects = {

/* Begin PBXBuildFile section */
		781F1FED1AE0C10600ACEACC /* XHChartView.m in Sources */ = {isa = PBXBuildFile; fileRef = 781F1FEC1AE0C10600ACEACC /* XHChartView.m */; };
		781F1FF01AE0C97600ACEACC /* XHChartViewController.m in Sources */ = {isa = PBXBuildFile; fileRef = 781F1FEF1AE0C97600ACEACC /* XHChartViewController.m */; };
		78379E771AEE19F1008B5C87 /* XHNotificationTypeViewController.m in Sources */ = {isa = PBXBuildFile; fileRef = 78379E761AEE19F1008B5C87 /* XHNotificationTypeViewController.m */; };
		78379E7B1AEE2A49008B5C87 /* XHTimePickerView.m in Sources */ = {isa = PBXBuildFile; fileRef = 78379E7A1AEE2A49008B5C87 /* XHTimePickerView.m */; };
		783AF3A91AEB730F0090A81B /* XHTabBarController.m in Sources */ = {isa = PBXBuildFile; fileRef = 783AF3A81AEB730F0090A81B /* XHTabBarController.m */; };
		783AF3AC1AEB735D0090A81B /* XHNavigationController.m in Sources */ = {isa = PBXBuildFile; fileRef = 783AF3AB1AEB735D0090A81B /* XHNavigationController.m */; };
		785531421ADE583B00080703 /* UIBarButtonItem+Extension.m in Sources */ = {isa = PBXBuildFile; fileRef = 785531411ADE583B00080703 /* UIBarButtonItem+Extension.m */; };
		785531461ADF501600080703 /* XHTableViewCellGroup.m in Sources */ = {isa = PBXBuildFile; fileRef = 785531451ADF501600080703 /* XHTableViewCellGroup.m */; };
		785531491ADF50BE00080703 /* XHTableViewCellItem.m in Sources */ = {isa = PBXBuildFile; fileRef = 785531481ADF50BE00080703 /* XHTableViewCellItem.m */; };
		7855314C1ADF528E00080703 /* XHRoomTableViewCell.m in Sources */ = {isa = PBXBuildFile; fileRef = 7855314B1ADF528E00080703 /* XHRoomTableViewCell.m */; };
		7855314F1ADF58C800080703 /* XHTableViewCellArrowItem.m in Sources */ = {isa = PBXBuildFile; fileRef = 7855314E1ADF58C800080703 /* XHTableViewCellArrowItem.m */; };
		785531521ADF58E500080703 /* XHTableViewCellSwitchItem.m in Sources */ = {isa = PBXBuildFile; fileRef = 785531511ADF58E500080703 /* XHTableViewCellSwitchItem.m */; };
		785531551ADF5C1F00080703 /* XHTableViewCellLabelItem.m in Sources */ = {isa = PBXBuildFile; fileRef = 785531541ADF5C1F00080703 /* XHTableViewCellLabelItem.m */; };
		7855315B1ADF8CEB00080703 /* XHTableViewController.m in Sources */ = {isa = PBXBuildFile; fileRef = 7855315A1ADF8CEB00080703 /* XHTableViewController.m */; };
		7855315E1ADF907300080703 /* XHGeneralSettingsViewController.m in Sources */ = {isa = PBXBuildFile; fileRef = 7855315D1ADF907300080703 /* XHGeneralSettingsViewController.m */; };
		7866FABF1AE783C800250478 /* XHGaugeViewController.m in Sources */ = {isa = PBXBuildFile; fileRef = 7866FABE1AE783C800250478 /* XHGaugeViewController.m */; };
		7866FAD21AE8C4FB00250478 /* XHSecurityViewController.m in Sources */ = {isa = PBXBuildFile; fileRef = 7866FAD11AE8C4FB00250478 /* XHSecurityViewController.m */; };
		7866FAD81AE8C5AC00250478 /* XHDisplayViewController.m in Sources */ = {isa = PBXBuildFile; fileRef = 7866FAD71AE8C5AC00250478 /* XHDisplayViewController.m */; };
		7866FADB1AE8C6A100250478 /* XHFeaturesViewController.m in Sources */ = {isa = PBXBuildFile; fileRef = 7866FADA1AE8C6A100250478 /* XHFeaturesViewController.m */; };
		7866FADE1AE8C6F900250478 /* XHNotificationsViewController.m in Sources */ = {isa = PBXBuildFile; fileRef = 7866FADD1AE8C6F900250478 /* XHNotificationsViewController.m */; };
		7866FAE11AE936DD00250478 /* XHLanguageViewController.m in Sources */ = {isa = PBXBuildFile; fileRef = 7866FAE01AE936DD00250478 /* XHLanguageViewController.m */; };
		7866FAE41AE937A500250478 /* XHTableViewCellCheckmarkItem.m in Sources */ = {isa = PBXBuildFile; fileRef = 7866FAE31AE937A500250478 /* XHTableViewCellCheckmarkItem.m */; };
		786E90321ADB966500A93675 /* XHRoomModel.m in Sources */ = {isa = PBXBuildFile; fileRef = 786E90311ADB966500A93675 /* XHRoomModel.m */; };
		786E90341ADBAD0A00A93675 /* data.plist in Resources */ = {isa = PBXBuildFile; fileRef = 786E90331ADBAD0A00A93675 /* data.plist */; };
		786E903A1ADBB50800A93675 /* XHRoomView.m in Sources */ = {isa = PBXBuildFile; fileRef = 786E90391ADBB50800A93675 /* XHRoomView.m */; };
		786E903D1ADBB54E00A93675 /* XHTableViewCell.m in Sources */ = {isa = PBXBuildFile; fileRef = 786E903C1ADBB54E00A93675 /* XHTableViewCell.m */; };
		786E904E1ADCBBAE00A93675 /* UUMessage.m in Sources */ = {isa = PBXBuildFile; fileRef = 786E90491ADCBBAE00A93675 /* UUMessage.m */; };
		786E904F1ADCBBAE00A93675 /* UUMessageCell.m in Sources */ = {isa = PBXBuildFile; fileRef = 786E904B1ADCBBAE00A93675 /* UUMessageCell.m */; };
		786E90501ADCBBAE00A93675 /* UUMessageFrame.m in Sources */ = {isa = PBXBuildFile; fileRef = 786E904D1ADCBBAE00A93675 /* UUMessageFrame.m */; };
		786E90531ADCBBBC00A93675 /* NSDate+Utils.m in Sources */ = {isa = PBXBuildFile; fileRef = 786E90521ADCBBBC00A93675 /* NSDate+Utils.m */; };
		786E90571ADCBD6000A93675 /* UUMessageContentButton.m in Sources */ = {isa = PBXBuildFile; fileRef = 786E90561ADCBD6000A93675 /* UUMessageContentButton.m */; };
		786E905A1ADCBE4700A93675 /* UUImageAvatarBrowser.m in Sources */ = {isa = PBXBuildFile; fileRef = 786E90591ADCBE4700A93675 /* UUImageAvatarBrowser.m */; };
		786E90601ADCC3F000A93675 /* XHMessageModel.m in Sources */ = {isa = PBXBuildFile; fileRef = 786E905F1ADCC3F000A93675 /* XHMessageModel.m */; };
		787DECE81AD93FF70081ECEE /* XHNewFeatureViewController.m in Sources */ = {isa = PBXBuildFile; fileRef = 787DECE71AD93FF70081ECEE /* XHNewFeatureViewController.m */; };
		787F172D1AE9E578002B9DCD /* XHColorsView.m in Sources */ = {isa = PBXBuildFile; fileRef = 787F172C1AE9E578002B9DCD /* XHColorsView.m */; };
		787F17301AEA11C3002B9DCD /* XHColorModel.m in Sources */ = {isa = PBXBuildFile; fileRef = 787F172F1AEA11C3002B9DCD /* XHColorModel.m */; };
		787F17361AEA6949002B9DCD /* XHThemeViewController.m in Sources */ = {isa = PBXBuildFile; fileRef = 787F17351AEA6949002B9DCD /* XHThemeViewController.m */; };
		787FBB501AD8E5A200316651 /* XHSettingsViewController.m in Sources */ = {isa = PBXBuildFile; fileRef = 787FBB4F1AD8E5A200316651 /* XHSettingsViewController.m */; };
		787FBB561AD8E64100316651 /* XHHomeViewController.m in Sources */ = {isa = PBXBuildFile; fileRef = 787FBB551AD8E64100316651 /* XHHomeViewController.m */; };
		787FBB591AD8E67D00316651 /* XHMessagesViewController.m in Sources */ = {isa = PBXBuildFile; fileRef = 787FBB581AD8E67D00316651 /* XHMessagesViewController.m */; };
		787FBB5D1AD8E99800316651 /* XHLinkinViewController.m in Sources */ = {isa = PBXBuildFile; fileRef = 787FBB5C1AD8E99800316651 /* XHLinkinViewController.m */; };
		7881B75A1AEC97090079D1EB /* XHLineView.m in Sources */ = {isa = PBXBuildFile; fileRef = 7881B7591AEC97090079D1EB /* XHLineView.m */; };
		7881B75F1AECCC2A0079D1EB /* UICircularSlider.m in Sources */ = {isa = PBXBuildFile; fileRef = 7881B75E1AECCC2A0079D1EB /* UICircularSlider.m */; };
		78AFFCF61AEF8AF9003FCF5E /* XHAboutViewController.m in Sources */ = {isa = PBXBuildFile; fileRef = 78AFFCF51AEF8AF9003FCF5E /* XHAboutViewController.m */; };
		78B08F381AE20B4C00A26C53 /* MBProgressHUD.m in Sources */ = {isa = PBXBuildFile; fileRef = 78B08F371AE20B4C00A26C53 /* MBProgressHUD.m */; };
		78C13B941ADA0EF90020AAFA /* XHTokenModel.m in Sources */ = {isa = PBXBuildFile; fileRef = 78C13B931ADA0EF90020AAFA /* XHTokenModel.m */; };
		78C13B971ADA101C0020AAFA /* XHTokenTools.m in Sources */ = {isa = PBXBuildFile; fileRef = 78C13B961ADA101C0020AAFA /* XHTokenTools.m */; };
		78C13B9C1ADA6D370020AAFA /* XHImageView.m in Sources */ = {isa = PBXBuildFile; fileRef = 78C13B9B1ADA6D370020AAFA /* XHImageView.m */; };
		78DD5B9F1AD780B700DC9FA0 /* main.m in Sources */ = {isa = PBXBuildFile; fileRef = 78DD5B9E1AD780B700DC9FA0 /* main.m */; };
		78DD5BA21AD780B700DC9FA0 /* AppDelegate.m in Sources */ = {isa = PBXBuildFile; fileRef = 78DD5BA11AD780B700DC9FA0 /* AppDelegate.m */; };
		78DD5BAA1AD780B700DC9FA0 /* Images.xcassets in Resources */ = {isa = PBXBuildFile; fileRef = 78DD5BA91AD780B700DC9FA0 /* Images.xcassets */; };
		78DD5BAD1AD780B700DC9FA0 /* LaunchScreen.xib in Resources */ = {isa = PBXBuildFile; fileRef = 78DD5BAB1AD780B700DC9FA0 /* LaunchScreen.xib */; };
		78DD5BB91AD780B700DC9FA0 /* XHSmartHomeSystemTests.m in Sources */ = {isa = PBXBuildFile; fileRef = 78DD5BB81AD780B700DC9FA0 /* XHSmartHomeSystemTests.m */; };
		78E1BA7D1AEB8FA9006A777F /* XHColorTools.m in Sources */ = {isa = PBXBuildFile; fileRef = 78E1BA7C1AEB8FA9006A777F /* XHColorTools.m */; };
		78E614951AE5ECE600191132 /* XHLineChartView.m in Sources */ = {isa = PBXBuildFile; fileRef = 78E614941AE5ECE600191132 /* XHLineChartView.m */; };
		78E614991AE5ED4800191132 /* XHLineChartContentView.m in Sources */ = {isa = PBXBuildFile; fileRef = 78E614981AE5ED4800191132 /* XHLineChartContentView.m */; };
		78E6149C1AE5ED7800191132 /* XHChart.m in Sources */ = {isa = PBXBuildFile; fileRef = 78E6149B1AE5ED7800191132 /* XHChart.m */; };
		78E6149F1AE5EDCF00191132 /* XHLineChartItem.m in Sources */ = {isa = PBXBuildFile; fileRef = 78E6149E1AE5EDCF00191132 /* XHLineChartItem.m */; };
		78E614D71AE6447100191132 /* XHGaugeView.m in Sources */ = {isa = PBXBuildFile; fileRef = 78E614D61AE6447100191132 /* XHGaugeView.m */; };
/* End PBXBuildFile section */

/* Begin PBXContainerItemProxy section */
		78DD5BB31AD780B700DC9FA0 /* PBXContainerItemProxy */ = {
			isa = PBXContainerItemProxy;
			containerPortal = 78DD5B911AD780B700DC9FA0 /* Project object */;
			proxyType = 1;
			remoteGlobalIDString = 78DD5B981AD780B700DC9FA0;
			remoteInfo = XHSmartHomeSystem;
		};
/* End PBXContainerItemProxy section */

/* Begin PBXFileReference section */
		781F1FEB1AE0C10600ACEACC /* XHChartView.h */ = {isa = PBXFileReference; fileEncoding = 4; lastKnownFileType = sourcecode.c.h; path = XHChartView.h; sourceTree = "<group>"; };
		781F1FEC1AE0C10600ACEACC /* XHChartView.m */ = {isa = PBXFileReference; fileEncoding = 4; lastKnownFileType = sourcecode.c.objc; path = XHChartView.m; sourceTree = "<group>"; };
		781F1FEE1AE0C97600ACEACC /* XHChartViewController.h */ = {isa = PBXFileReference; fileEncoding = 4; lastKnownFileType = sourcecode.c.h; path = XHChartViewController.h; sourceTree = "<group>"; };
		781F1FEF1AE0C97600ACEACC /* XHChartViewController.m */ = {isa = PBXFileReference; fileEncoding = 4; lastKnownFileType = sourcecode.c.objc; path = XHChartViewController.m; sourceTree = "<group>"; };
		78379E751AEE19F1008B5C87 /* XHNotificationTypeViewController.h */ = {isa = PBXFileReference; fileEncoding = 4; lastKnownFileType = sourcecode.c.h; path = XHNotificationTypeViewController.h; sourceTree = "<group>"; };
		78379E761AEE19F1008B5C87 /* XHNotificationTypeViewController.m */ = {isa = PBXFileReference; fileEncoding = 4; lastKnownFileType = sourcecode.c.objc; path = XHNotificationTypeViewController.m; sourceTree = "<group>"; };
		78379E791AEE2A49008B5C87 /* XHTimePickerView.h */ = {isa = PBXFileReference; fileEncoding = 4; lastKnownFileType = sourcecode.c.h; path = XHTimePickerView.h; sourceTree = "<group>"; };
		78379E7A1AEE2A49008B5C87 /* XHTimePickerView.m */ = {isa = PBXFileReference; fileEncoding = 4; lastKnownFileType = sourcecode.c.objc; path = XHTimePickerView.m; sourceTree = "<group>"; };
		783AF3A71AEB730F0090A81B /* XHTabBarController.h */ = {isa = PBXFileReference; fileEncoding = 4; lastKnownFileType = sourcecode.c.h; path = XHTabBarController.h; sourceTree = "<group>"; };
		783AF3A81AEB730F0090A81B /* XHTabBarController.m */ = {isa = PBXFileReference; fileEncoding = 4; lastKnownFileType = sourcecode.c.objc; path = XHTabBarController.m; sourceTree = "<group>"; };
		783AF3AA1AEB735D0090A81B /* XHNavigationController.h */ = {isa = PBXFileReference; fileEncoding = 4; lastKnownFileType = sourcecode.c.h; path = XHNavigationController.h; sourceTree = "<group>"; };
		783AF3AB1AEB735D0090A81B /* XHNavigationController.m */ = {isa = PBXFileReference; fileEncoding = 4; lastKnownFileType = sourcecode.c.objc; path = XHNavigationController.m; sourceTree = "<group>"; };
		785531401ADE583B00080703 /* UIBarButtonItem+Extension.h */ = {isa = PBXFileReference; fileEncoding = 4; lastKnownFileType = sourcecode.c.h; path = "UIBarButtonItem+Extension.h"; sourceTree = "<group>"; };
		785531411ADE583B00080703 /* UIBarButtonItem+Extension.m */ = {isa = PBXFileReference; fileEncoding = 4; lastKnownFileType = sourcecode.c.objc; path = "UIBarButtonItem+Extension.m"; sourceTree = "<group>"; };
		785531441ADF501600080703 /* XHTableViewCellGroup.h */ = {isa = PBXFileReference; fileEncoding = 4; lastKnownFileType = sourcecode.c.h; path = XHTableViewCellGroup.h; sourceTree = "<group>"; };
		785531451ADF501600080703 /* XHTableViewCellGroup.m */ = {isa = PBXFileReference; fileEncoding = 4; lastKnownFileType = sourcecode.c.objc; path = XHTableViewCellGroup.m; sourceTree = "<group>"; };
		785531471ADF50BE00080703 /* XHTableViewCellItem.h */ = {isa = PBXFileReference; fileEncoding = 4; lastKnownFileType = sourcecode.c.h; path = XHTableViewCellItem.h; sourceTree = "<group>"; };
		785531481ADF50BE00080703 /* XHTableViewCellItem.m */ = {isa = PBXFileReference; fileEncoding = 4; lastKnownFileType = sourcecode.c.objc; path = XHTableViewCellItem.m; sourceTree = "<group>"; };
		7855314A1ADF528E00080703 /* XHRoomTableViewCell.h */ = {isa = PBXFileReference; fileEncoding = 4; lastKnownFileType = sourcecode.c.h; path = XHRoomTableViewCell.h; sourceTree = "<group>"; };
		7855314B1ADF528E00080703 /* XHRoomTableViewCell.m */ = {isa = PBXFileReference; fileEncoding = 4; lastKnownFileType = sourcecode.c.objc; path = XHRoomTableViewCell.m; sourceTree = "<group>"; };
		7855314D1ADF58C800080703 /* XHTableViewCellArrowItem.h */ = {isa = PBXFileReference; fileEncoding = 4; lastKnownFileType = sourcecode.c.h; path = XHTableViewCellArrowItem.h; sourceTree = "<group>"; };
		7855314E1ADF58C800080703 /* XHTableViewCellArrowItem.m */ = {isa = PBXFileReference; fileEncoding = 4; lastKnownFileType = sourcecode.c.objc; path = XHTableViewCellArrowItem.m; sourceTree = "<group>"; };
		785531501ADF58E500080703 /* XHTableViewCellSwitchItem.h */ = {isa = PBXFileReference; fileEncoding = 4; lastKnownFileType = sourcecode.c.h; path = XHTableViewCellSwitchItem.h; sourceTree = "<group>"; };
		785531511ADF58E500080703 /* XHTableViewCellSwitchItem.m */ = {isa = PBXFileReference; fileEncoding = 4; lastKnownFileType = sourcecode.c.objc; path = XHTableViewCellSwitchItem.m; sourceTree = "<group>"; };
		785531531ADF5C1F00080703 /* XHTableViewCellLabelItem.h */ = {isa = PBXFileReference; fileEncoding = 4; lastKnownFileType = sourcecode.c.h; path = XHTableViewCellLabelItem.h; sourceTree = "<group>"; };
		785531541ADF5C1F00080703 /* XHTableViewCellLabelItem.m */ = {isa = PBXFileReference; fileEncoding = 4; lastKnownFileType = sourcecode.c.objc; path = XHTableViewCellLabelItem.m; sourceTree = "<group>"; };
		785531591ADF8CEB00080703 /* XHTableViewController.h */ = {isa = PBXFileReference; fileEncoding = 4; lastKnownFileType = sourcecode.c.h; path = XHTableViewController.h; sourceTree = "<group>"; };
		7855315A1ADF8CEB00080703 /* XHTableViewController.m */ = {isa = PBXFileReference; fileEncoding = 4; lastKnownFileType = sourcecode.c.objc; path = XHTableViewController.m; sourceTree = "<group>"; };
		7855315C1ADF907300080703 /* XHGeneralSettingsViewController.h */ = {isa = PBXFileReference; fileEncoding = 4; lastKnownFileType = sourcecode.c.h; path = XHGeneralSettingsViewController.h; sourceTree = "<group>"; };
		7855315D1ADF907300080703 /* XHGeneralSettingsViewController.m */ = {isa = PBXFileReference; fileEncoding = 4; lastKnownFileType = sourcecode.c.objc; path = XHGeneralSettingsViewController.m; sourceTree = "<group>"; };
		7866FABD1AE783C800250478 /* XHGaugeViewController.h */ = {isa = PBXFileReference; fileEncoding = 4; lastKnownFileType = sourcecode.c.h; path = XHGaugeViewController.h; sourceTree = "<group>"; };
		7866FABE1AE783C800250478 /* XHGaugeViewController.m */ = {isa = PBXFileReference; fileEncoding = 4; lastKnownFileType = sourcecode.c.objc; path = XHGaugeViewController.m; sourceTree = "<group>"; };
		7866FAD01AE8C4FB00250478 /* XHSecurityViewController.h */ = {isa = PBXFileReference; fileEncoding = 4; lastKnownFileType = sourcecode.c.h; path = XHSecurityViewController.h; sourceTree = "<group>"; };
		7866FAD11AE8C4FB00250478 /* XHSecurityViewController.m */ = {isa = PBXFileReference; fileEncoding = 4; lastKnownFileType = sourcecode.c.objc; path = XHSecurityViewController.m; sourceTree = "<group>"; };
		7866FAD61AE8C5AC00250478 /* XHDisplayViewController.h */ = {isa = PBXFileReference; fileEncoding = 4; lastKnownFileType = sourcecode.c.h; path = XHDisplayViewController.h; sourceTree = "<group>"; };
		7866FAD71AE8C5AC00250478 /* XHDisplayViewController.m */ = {isa = PBXFileReference; fileEncoding = 4; lastKnownFileType = sourcecode.c.objc; path = XHDisplayViewController.m; sourceTree = "<group>"; };
		7866FAD91AE8C6A100250478 /* XHFeaturesViewController.h */ = {isa = PBXFileReference; fileEncoding = 4; lastKnownFileType = sourcecode.c.h; path = XHFeaturesViewController.h; sourceTree = "<group>"; };
		7866FADA1AE8C6A100250478 /* XHFeaturesViewController.m */ = {isa = PBXFileReference; fileEncoding = 4; lastKnownFileType = sourcecode.c.objc; path = XHFeaturesViewController.m; sourceTree = "<group>"; };
		7866FADC1AE8C6F900250478 /* XHNotificationsViewController.h */ = {isa = PBXFileReference; fileEncoding = 4; lastKnownFileType = sourcecode.c.h; path = XHNotificationsViewController.h; sourceTree = "<group>"; };
		7866FADD1AE8C6F900250478 /* XHNotificationsViewController.m */ = {isa = PBXFileReference; fileEncoding = 4; lastKnownFileType = sourcecode.c.objc; path = XHNotificationsViewController.m; sourceTree = "<group>"; };
		7866FADF1AE936DD00250478 /* XHLanguageViewController.h */ = {isa = PBXFileReference; fileEncoding = 4; lastKnownFileType = sourcecode.c.h; path = XHLanguageViewController.h; sourceTree = "<group>"; };
		7866FAE01AE936DD00250478 /* XHLanguageViewController.m */ = {isa = PBXFileReference; fileEncoding = 4; lastKnownFileType = sourcecode.c.objc; path = XHLanguageViewController.m; sourceTree = "<group>"; };
		7866FAE21AE937A500250478 /* XHTableViewCellCheckmarkItem.h */ = {isa = PBXFileReference; fileEncoding = 4; lastKnownFileType = sourcecode.c.h; path = XHTableViewCellCheckmarkItem.h; sourceTree = "<group>"; };
		7866FAE31AE937A500250478 /* XHTableViewCellCheckmarkItem.m */ = {isa = PBXFileReference; fileEncoding = 4; lastKnownFileType = sourcecode.c.objc; path = XHTableViewCellCheckmarkItem.m; sourceTree = "<group>"; };
		786E90301ADB966500A93675 /* XHRoomModel.h */ = {isa = PBXFileReference; fileEncoding = 4; lastKnownFileType = sourcecode.c.h; path = XHRoomModel.h; sourceTree = "<group>"; };
		786E90311ADB966500A93675 /* XHRoomModel.m */ = {isa = PBXFileReference; fileEncoding = 4; lastKnownFileType = sourcecode.c.objc; path = XHRoomModel.m; sourceTree = "<group>"; };
		786E90331ADBAD0A00A93675 /* data.plist */ = {isa = PBXFileReference; fileEncoding = 4; lastKnownFileType = text.plist.xml; path = data.plist; sourceTree = "<group>"; };
		786E90381ADBB50800A93675 /* XHRoomView.h */ = {isa = PBXFileReference; fileEncoding = 4; lastKnownFileType = sourcecode.c.h; path = XHRoomView.h; sourceTree = "<group>"; };
		786E90391ADBB50800A93675 /* XHRoomView.m */ = {isa = PBXFileReference; fileEncoding = 4; lastKnownFileType = sourcecode.c.objc; path = XHRoomView.m; sourceTree = "<group>"; };
		786E903B1ADBB54E00A93675 /* XHTableViewCell.h */ = {isa = PBXFileReference; fileEncoding = 4; lastKnownFileType = sourcecode.c.h; path = XHTableViewCell.h; sourceTree = "<group>"; };
		786E903C1ADBB54E00A93675 /* XHTableViewCell.m */ = {isa = PBXFileReference; fileEncoding = 4; lastKnownFileType = sourcecode.c.objc; path = XHTableViewCell.m; sourceTree = "<group>"; };
		786E90481ADCBBAE00A93675 /* UUMessage.h */ = {isa = PBXFileReference; fileEncoding = 4; lastKnownFileType = sourcecode.c.h; path = UUMessage.h; sourceTree = "<group>"; };
		786E90491ADCBBAE00A93675 /* UUMessage.m */ = {isa = PBXFileReference; fileEncoding = 4; lastKnownFileType = sourcecode.c.objc; path = UUMessage.m; sourceTree = "<group>"; };
		786E904A1ADCBBAE00A93675 /* UUMessageCell.h */ = {isa = PBXFileReference; fileEncoding = 4; lastKnownFileType = sourcecode.c.h; path = UUMessageCell.h; sourceTree = "<group>"; };
		786E904B1ADCBBAE00A93675 /* UUMessageCell.m */ = {isa = PBXFileReference; fileEncoding = 4; lastKnownFileType = sourcecode.c.objc; path = UUMessageCell.m; sourceTree = "<group>"; };
		786E904C1ADCBBAE00A93675 /* UUMessageFrame.h */ = {isa = PBXFileReference; fileEncoding = 4; lastKnownFileType = sourcecode.c.h; path = UUMessageFrame.h; sourceTree = "<group>"; };
		786E904D1ADCBBAE00A93675 /* UUMessageFrame.m */ = {isa = PBXFileReference; fileEncoding = 4; lastKnownFileType = sourcecode.c.objc; path = UUMessageFrame.m; sourceTree = "<group>"; };
		786E90511ADCBBBC00A93675 /* NSDate+Utils.h */ = {isa = PBXFileReference; fileEncoding = 4; lastKnownFileType = sourcecode.c.h; path = "NSDate+Utils.h"; sourceTree = "<group>"; };
		786E90521ADCBBBC00A93675 /* NSDate+Utils.m */ = {isa = PBXFileReference; fileEncoding = 4; lastKnownFileType = sourcecode.c.objc; path = "NSDate+Utils.m"; sourceTree = "<group>"; };
		786E90551ADCBD6000A93675 /* UUMessageContentButton.h */ = {isa = PBXFileReference; fileEncoding = 4; lastKnownFileType = sourcecode.c.h; path = UUMessageContentButton.h; sourceTree = "<group>"; };
		786E90561ADCBD6000A93675 /* UUMessageContentButton.m */ = {isa = PBXFileReference; fileEncoding = 4; lastKnownFileType = sourcecode.c.objc; path = UUMessageContentButton.m; sourceTree = "<group>"; };
		786E90581ADCBE4700A93675 /* UUImageAvatarBrowser.h */ = {isa = PBXFileReference; fileEncoding = 4; lastKnownFileType = sourcecode.c.h; path = UUImageAvatarBrowser.h; sourceTree = "<group>"; };
		786E90591ADCBE4700A93675 /* UUImageAvatarBrowser.m */ = {isa = PBXFileReference; fileEncoding = 4; lastKnownFileType = sourcecode.c.objc; path = UUImageAvatarBrowser.m; sourceTree = "<group>"; };
		786E905E1ADCC3F000A93675 /* XHMessageModel.h */ = {isa = PBXFileReference; fileEncoding = 4; lastKnownFileType = sourcecode.c.h; path = XHMessageModel.h; sourceTree = "<group>"; };
		786E905F1ADCC3F000A93675 /* XHMessageModel.m */ = {isa = PBXFileReference; fileEncoding = 4; lastKnownFileType = sourcecode.c.objc; path = XHMessageModel.m; sourceTree = "<group>"; };
		787DECE61AD93FF70081ECEE /* XHNewFeatureViewController.h */ = {isa = PBXFileReference; fileEncoding = 4; lastKnownFileType = sourcecode.c.h; path = XHNewFeatureViewController.h; sourceTree = "<group>"; };
		787DECE71AD93FF70081ECEE /* XHNewFeatureViewController.m */ = {isa = PBXFileReference; fileEncoding = 4; lastKnownFileType = sourcecode.c.objc; path = XHNewFeatureViewController.m; sourceTree = "<group>"; };
		787F172B1AE9E578002B9DCD /* XHColorsView.h */ = {isa = PBXFileReference; fileEncoding = 4; lastKnownFileType = sourcecode.c.h; path = XHColorsView.h; sourceTree = "<group>"; };
		787F172C1AE9E578002B9DCD /* XHColorsView.m */ = {isa = PBXFileReference; fileEncoding = 4; lastKnownFileType = sourcecode.c.objc; path = XHColorsView.m; sourceTree = "<group>"; };
		787F172E1AEA11C3002B9DCD /* XHColorModel.h */ = {isa = PBXFileReference; fileEncoding = 4; lastKnownFileType = sourcecode.c.h; path = XHColorModel.h; sourceTree = "<group>"; };
		787F172F1AEA11C3002B9DCD /* XHColorModel.m */ = {isa = PBXFileReference; fileEncoding = 4; lastKnownFileType = sourcecode.c.objc; path = XHColorModel.m; sourceTree = "<group>"; };
		787F17341AEA6949002B9DCD /* XHThemeViewController.h */ = {isa = PBXFileReference; fileEncoding = 4; lastKnownFileType = sourcecode.c.h; path = XHThemeViewController.h; sourceTree = "<group>"; };
		787F17351AEA6949002B9DCD /* XHThemeViewController.m */ = {isa = PBXFileReference; fileEncoding = 4; lastKnownFileType = sourcecode.c.objc; path = XHThemeViewController.m; sourceTree = "<group>"; };
		787FBB4E1AD8E5A200316651 /* XHSettingsViewController.h */ = {isa = PBXFileReference; fileEncoding = 4; lastKnownFileType = sourcecode.c.h; path = XHSettingsViewController.h; sourceTree = "<group>"; };
		787FBB4F1AD8E5A200316651 /* XHSettingsViewController.m */ = {isa = PBXFileReference; fileEncoding = 4; lastKnownFileType = sourcecode.c.objc; path = XHSettingsViewController.m; sourceTree = "<group>"; };
		787FBB541AD8E64100316651 /* XHHomeViewController.h */ = {isa = PBXFileReference; fileEncoding = 4; lastKnownFileType = sourcecode.c.h; path = XHHomeViewController.h; sourceTree = "<group>"; };
		787FBB551AD8E64100316651 /* XHHomeViewController.m */ = {isa = PBXFileReference; fileEncoding = 4; lastKnownFileType = sourcecode.c.objc; path = XHHomeViewController.m; sourceTree = "<group>"; };
		787FBB571AD8E67D00316651 /* XHMessagesViewController.h */ = {isa = PBXFileReference; fileEncoding = 4; lastKnownFileType = sourcecode.c.h; path = XHMessagesViewController.h; sourceTree = "<group>"; };
		787FBB581AD8E67D00316651 /* XHMessagesViewController.m */ = {isa = PBXFileReference; fileEncoding = 4; lastKnownFileType = sourcecode.c.objc; path = XHMessagesViewController.m; sourceTree = "<group>"; };
		787FBB5B1AD8E99800316651 /* XHLinkinViewController.h */ = {isa = PBXFileReference; fileEncoding = 4; lastKnownFileType = sourcecode.c.h; path = XHLinkinViewController.h; sourceTree = "<group>"; };
		787FBB5C1AD8E99800316651 /* XHLinkinViewController.m */ = {isa = PBXFileReference; fileEncoding = 4; lastKnownFileType = sourcecode.c.objc; path = XHLinkinViewController.m; sourceTree = "<group>"; };
		787FBB6C1AD90CD200316651 /* XHSmartHome-Prefix.pch */ = {isa = PBXFileReference; fileEncoding = 4; lastKnownFileType = sourcecode.c.h; path = "XHSmartHome-Prefix.pch"; sourceTree = "<group>"; };
		7881B7581AEC97090079D1EB /* XHLineView.h */ = {isa = PBXFileReference; fileEncoding = 4; lastKnownFileType = sourcecode.c.h; path = XHLineView.h; sourceTree = "<group>"; };
		7881B7591AEC97090079D1EB /* XHLineView.m */ = {isa = PBXFileReference; fileEncoding = 4; lastKnownFileType = sourcecode.c.objc; path = XHLineView.m; sourceTree = "<group>"; };
		7881B75B1AECA8410079D1EB /* UICircularSlider.h */ = {isa = PBXFileReference; fileEncoding = 4; lastKnownFileType = sourcecode.c.h; path = UICircularSlider.h; sourceTree = "<group>"; };
		7881B75E1AECCC2A0079D1EB /* UICircularSlider.m */ = {isa = PBXFileReference; fileEncoding = 4; lastKnownFileType = sourcecode.c.objc; path = UICircularSlider.m; sourceTree = "<group>"; };
		78AFFCF41AEF8AF9003FCF5E /* XHAboutViewController.h */ = {isa = PBXFileReference; fileEncoding = 4; lastKnownFileType = sourcecode.c.h; path = XHAboutViewController.h; sourceTree = "<group>"; };
		78AFFCF51AEF8AF9003FCF5E /* XHAboutViewController.m */ = {isa = PBXFileReference; fileEncoding = 4; lastKnownFileType = sourcecode.c.objc; path = XHAboutViewController.m; sourceTree = "<group>"; };
		78B08F361AE20B4C00A26C53 /* MBProgressHUD.h */ = {isa = PBXFileReference; fileEncoding = 4; lastKnownFileType = sourcecode.c.h; path = MBProgressHUD.h; sourceTree = "<group>"; };
		78B08F371AE20B4C00A26C53 /* MBProgressHUD.m */ = {isa = PBXFileReference; fileEncoding = 4; lastKnownFileType = sourcecode.c.objc; path = MBProgressHUD.m; sourceTree = "<group>"; };
		78C13B921ADA0EF90020AAFA /* XHTokenModel.h */ = {isa = PBXFileReference; fileEncoding = 4; lastKnownFileType = sourcecode.c.h; path = XHTokenModel.h; sourceTree = "<group>"; };
		78C13B931ADA0EF90020AAFA /* XHTokenModel.m */ = {isa = PBXFileReference; fileEncoding = 4; lastKnownFileType = sourcecode.c.objc; path = XHTokenModel.m; sourceTree = "<group>"; };
		78C13B951ADA101C0020AAFA /* XHTokenTools.h */ = {isa = PBXFileReference; fileEncoding = 4; lastKnownFileType = sourcecode.c.h; path = XHTokenTools.h; sourceTree = "<group>"; };
		78C13B961ADA101C0020AAFA /* XHTokenTools.m */ = {isa = PBXFileReference; fileEncoding = 4; lastKnownFileType = sourcecode.c.objc; path = XHTokenTools.m; sourceTree = "<group>"; };
		78C13B9A1ADA6D370020AAFA /* XHImageView.h */ = {isa = PBXFileReference; fileEncoding = 4; lastKnownFileType = sourcecode.c.h; path = XHImageView.h; sourceTree = "<group>"; };
		78C13B9B1ADA6D370020AAFA /* XHImageView.m */ = {isa = PBXFileReference; fileEncoding = 4; lastKnownFileType = sourcecode.c.objc; path = XHImageView.m; sourceTree = "<group>"; };
		78DD5B991AD780B700DC9FA0 /* XHSmartHomeSystem.app */ = {isa = PBXFileReference; explicitFileType = wrapper.application; includeInIndex = 0; path = XHSmartHomeSystem.app; sourceTree = BUILT_PRODUCTS_DIR; };
		78DD5B9D1AD780B700DC9FA0 /* Info.plist */ = {isa = PBXFileReference; lastKnownFileType = text.plist.xml; path = Info.plist; sourceTree = "<group>"; };
		78DD5B9E1AD780B700DC9FA0 /* main.m */ = {isa = PBXFileReference; lastKnownFileType = sourcecode.c.objc; path = main.m; sourceTree = "<group>"; };
		78DD5BA01AD780B700DC9FA0 /* AppDelegate.h */ = {isa = PBXFileReference; lastKnownFileType = sourcecode.c.h; path = AppDelegate.h; sourceTree = "<group>"; };
		78DD5BA11AD780B700DC9FA0 /* AppDelegate.m */ = {isa = PBXFileReference; lastKnownFileType = sourcecode.c.objc; path = AppDelegate.m; sourceTree = "<group>"; };
		78DD5BA91AD780B700DC9FA0 /* Images.xcassets */ = {isa = PBXFileReference; lastKnownFileType = folder.assetcatalog; name = Images.xcassets; path = XHSmartHomeSystem/Images.xcassets; sourceTree = "<group>"; };
		78DD5BAC1AD780B700DC9FA0 /* Base */ = {isa = PBXFileReference; lastKnownFileType = file.xib; name = Base; path = Base.lproj/LaunchScreen.xib; sourceTree = "<group>"; };
		78DD5BB21AD780B700DC9FA0 /* XHSmartHomeSystemTests.xctest */ = {isa = PBXFileReference; explicitFileType = wrapper.cfbundle; includeInIndex = 0; path = XHSmartHomeSystemTests.xctest; sourceTree = BUILT_PRODUCTS_DIR; };
		78DD5BB71AD780B700DC9FA0 /* Info.plist */ = {isa = PBXFileReference; lastKnownFileType = text.plist.xml; path = Info.plist; sourceTree = "<group>"; };
		78DD5BB81AD780B700DC9FA0 /* XHSmartHomeSystemTests.m */ = {isa = PBXFileReference; lastKnownFileType = sourcecode.c.objc; path = XHSmartHomeSystemTests.m; sourceTree = "<group>"; };
		78E1BA7B1AEB8FA9006A777F /* XHColorTools.h */ = {isa = PBXFileReference; fileEncoding = 4; lastKnownFileType = sourcecode.c.h; path = XHColorTools.h; sourceTree = "<group>"; };
		78E1BA7C1AEB8FA9006A777F /* XHColorTools.m */ = {isa = PBXFileReference; fileEncoding = 4; lastKnownFileType = sourcecode.c.objc; path = XHColorTools.m; sourceTree = "<group>"; };
		78E614931AE5ECE600191132 /* XHLineChartView.h */ = {isa = PBXFileReference; fileEncoding = 4; lastKnownFileType = sourcecode.c.h; path = XHLineChartView.h; sourceTree = "<group>"; };
		78E614941AE5ECE600191132 /* XHLineChartView.m */ = {isa = PBXFileReference; fileEncoding = 4; lastKnownFileType = sourcecode.c.objc; path = XHLineChartView.m; sourceTree = "<group>"; };
		78E614971AE5ED4800191132 /* XHLineChartContentView.h */ = {isa = PBXFileReference; fileEncoding = 4; lastKnownFileType = sourcecode.c.h; path = XHLineChartContentView.h; sourceTree = "<group>"; };
		78E614981AE5ED4800191132 /* XHLineChartContentView.m */ = {isa = PBXFileReference; fileEncoding = 4; lastKnownFileType = sourcecode.c.objc; path = XHLineChartContentView.m; sourceTree = "<group>"; };
		78E6149A1AE5ED7800191132 /* XHChart.h */ = {isa = PBXFileReference; fileEncoding = 4; lastKnownFileType = sourcecode.c.h; path = XHChart.h; sourceTree = "<group>"; };
		78E6149B1AE5ED7800191132 /* XHChart.m */ = {isa = PBXFileReference; fileEncoding = 4; lastKnownFileType = sourcecode.c.objc; path = XHChart.m; sourceTree = "<group>"; };
		78E6149D1AE5EDCF00191132 /* XHLineChartItem.h */ = {isa = PBXFileReference; fileEncoding = 4; lastKnownFileType = sourcecode.c.h; path = XHLineChartItem.h; sourceTree = "<group>"; };
		78E6149E1AE5EDCF00191132 /* XHLineChartItem.m */ = {isa = PBXFileReference; fileEncoding = 4; lastKnownFileType = sourcecode.c.objc; path = XHLineChartItem.m; sourceTree = "<group>"; };
		78E614D51AE6447100191132 /* XHGaugeView.h */ = {isa = PBXFileReference; fileEncoding = 4; lastKnownFileType = sourcecode.c.h; path = XHGaugeView.h; sourceTree = "<group>"; };
		78E614D61AE6447100191132 /* XHGaugeView.m */ = {isa = PBXFileReference; fileEncoding = 4; lastKnownFileType = sourcecode.c.objc; path = XHGaugeView.m; sourceTree = "<group>"; };
/* End PBXFileReference section */

/* Begin PBXFrameworksBuildPhase section */
		78DD5B961AD780B700DC9FA0 /* Frameworks */ = {
			isa = PBXFrameworksBuildPhase;
			buildActionMask = 2147483647;
			files = (
			);
			runOnlyForDeploymentPostprocessing = 0;
		};
		78DD5BAF1AD780B700DC9FA0 /* Frameworks */ = {
			isa = PBXFrameworksBuildPhase;
			buildActionMask = 2147483647;
			files = (
			);
			runOnlyForDeploymentPostprocessing = 0;
		};
/* End PBXFrameworksBuildPhase section */

/* Begin PBXGroup section */
		781F1FF11AE0E4F300ACEACC /* Home ViewControllers */ = {
			isa = PBXGroup;
			children = (
				787FBB541AD8E64100316651 /* XHHomeViewController.h */,
				787FBB551AD8E64100316651 /* XHHomeViewController.m */,
				781F1FEE1AE0C97600ACEACC /* XHChartViewController.h */,
				781F1FEF1AE0C97600ACEACC /* XHChartViewController.m */,
				7866FABD1AE783C800250478 /* XHGaugeViewController.h */,
				7866FABE1AE783C800250478 /* XHGaugeViewController.m */,
			);
			name = "Home ViewControllers";
			sourceTree = "<group>";
		};
		781F1FF21AE0E51800ACEACC /* Message ViewControllers */ = {
			isa = PBXGroup;
			children = (
				787FBB571AD8E67D00316651 /* XHMessagesViewController.h */,
				787FBB581AD8E67D00316651 /* XHMessagesViewController.m */,
			);
			name = "Message ViewControllers";
			sourceTree = "<group>";
		};
		78379E781AEE19FC008B5C87 /* Notifications */ = {
			isa = PBXGroup;
			children = (
				7866FADC1AE8C6F900250478 /* XHNotificationsViewController.h */,
				7866FADD1AE8C6F900250478 /* XHNotificationsViewController.m */,
				78379E751AEE19F1008B5C87 /* XHNotificationTypeViewController.h */,
				78379E761AEE19F1008B5C87 /* XHNotificationTypeViewController.m */,
			);
			name = Notifications;
			sourceTree = "<group>";
		};
		785531431ADE5EE800080703 /* Categorys */ = {
			isa = PBXGroup;
			children = (
				7881B75B1AECA8410079D1EB /* UICircularSlider.h */,
				7881B75E1AECCC2A0079D1EB /* UICircularSlider.m */,
				785531401ADE583B00080703 /* UIBarButtonItem+Extension.h */,
				785531411ADE583B00080703 /* UIBarButtonItem+Extension.m */,
			);
			name = Categorys;
			sourceTree = "<group>";
		};
		7855315F1ADF941100080703 /* Settings ViewControllers */ = {
			isa = PBXGroup;
			children = (
				787FBB4E1AD8E5A200316651 /* XHSettingsViewController.h */,
				787FBB4F1AD8E5A200316651 /* XHSettingsViewController.m */,
				7866FAC61AE7B70D00250478 /* General */,
				787F17341AEA6949002B9DCD /* XHThemeViewController.h */,
				787F17351AEA6949002B9DCD /* XHThemeViewController.m */,
				78379E781AEE19FC008B5C87 /* Notifications */,
				7866FAD01AE8C4FB00250478 /* XHSecurityViewController.h */,
				7866FAD11AE8C4FB00250478 /* XHSecurityViewController.m */,
				78AFFCF41AEF8AF9003FCF5E /* XHAboutViewController.h */,
				78AFFCF51AEF8AF9003FCF5E /* XHAboutViewController.m */,
			);
			name = "Settings ViewControllers";
			sourceTree = "<group>";
		};
		7866FAC61AE7B70D00250478 /* General */ = {
			isa = PBXGroup;
			children = (
				7855315C1ADF907300080703 /* XHGeneralSettingsViewController.h */,
				7855315D1ADF907300080703 /* XHGeneralSettingsViewController.m */,
				7866FAD61AE8C5AC00250478 /* XHDisplayViewController.h */,
				7866FAD71AE8C5AC00250478 /* XHDisplayViewController.m */,
				7866FAD91AE8C6A100250478 /* XHFeaturesViewController.h */,
				7866FADA1AE8C6A100250478 /* XHFeaturesViewController.m */,
				7866FADF1AE936DD00250478 /* XHLanguageViewController.h */,
				7866FAE01AE936DD00250478 /* XHLanguageViewController.m */,
			);
			name = General;
			sourceTree = "<group>";
		};
		786E90541ADCBBC100A93675 /* UUChat */ = {
			isa = PBXGroup;
			children = (
				786E90581ADCBE4700A93675 /* UUImageAvatarBrowser.h */,
				786E90591ADCBE4700A93675 /* UUImageAvatarBrowser.m */,
				786E90511ADCBBBC00A93675 /* NSDate+Utils.h */,
				786E90521ADCBBBC00A93675 /* NSDate+Utils.m */,
				786E90481ADCBBAE00A93675 /* UUMessage.h */,
				786E90491ADCBBAE00A93675 /* UUMessage.m */,
				786E904A1ADCBBAE00A93675 /* UUMessageCell.h */,
				786E904B1ADCBBAE00A93675 /* UUMessageCell.m */,
				786E904C1ADCBBAE00A93675 /* UUMessageFrame.h */,
				786E904D1ADCBBAE00A93675 /* UUMessageFrame.m */,
				786E90551ADCBD6000A93675 /* UUMessageContentButton.h */,
				786E90561ADCBD6000A93675 /* UUMessageContentButton.m */,
			);
			name = UUChat;
			sourceTree = "<group>";
		};
		787FBB5A1AD8E6BF00316651 /* Controllers */ = {
			isa = PBXGroup;
			children = (
				785531591ADF8CEB00080703 /* XHTableViewController.h */,
				7855315A1ADF8CEB00080703 /* XHTableViewController.m */,
				783AF3A71AEB730F0090A81B /* XHTabBarController.h */,
				783AF3A81AEB730F0090A81B /* XHTabBarController.m */,
				783AF3AA1AEB735D0090A81B /* XHNavigationController.h */,
				783AF3AB1AEB735D0090A81B /* XHNavigationController.m */,
				787FBB5B1AD8E99800316651 /* XHLinkinViewController.h */,
				787FBB5C1AD8E99800316651 /* XHLinkinViewController.m */,
				781F1FF11AE0E4F300ACEACC /* Home ViewControllers */,
				781F1FF21AE0E51800ACEACC /* Message ViewControllers */,
				7855315F1ADF941100080703 /* Settings ViewControllers */,
			);
			name = Controllers;
			sourceTree = "<group>";
		};
		787FBB611AD8EA9F00316651 /* Cells */ = {
			isa = PBXGroup;
			children = (
				786E903B1ADBB54E00A93675 /* XHTableViewCell.h */,
				786E903C1ADBB54E00A93675 /* XHTableViewCell.m */,
				7855314A1ADF528E00080703 /* XHRoomTableViewCell.h */,
				7855314B1ADF528E00080703 /* XHRoomTableViewCell.m */,
				785531441ADF501600080703 /* XHTableViewCellGroup.h */,
				785531451ADF501600080703 /* XHTableViewCellGroup.m */,
				785531471ADF50BE00080703 /* XHTableViewCellItem.h */,
				785531481ADF50BE00080703 /* XHTableViewCellItem.m */,
				7855314D1ADF58C800080703 /* XHTableViewCellArrowItem.h */,
				7855314E1ADF58C800080703 /* XHTableViewCellArrowItem.m */,
				785531501ADF58E500080703 /* XHTableViewCellSwitchItem.h */,
				785531511ADF58E500080703 /* XHTableViewCellSwitchItem.m */,
				785531531ADF5C1F00080703 /* XHTableViewCellLabelItem.h */,
				785531541ADF5C1F00080703 /* XHTableViewCellLabelItem.m */,
				7866FAE21AE937A500250478 /* XHTableViewCellCheckmarkItem.h */,
				7866FAE31AE937A500250478 /* XHTableViewCellCheckmarkItem.m */,
			);
			name = Cells;
			sourceTree = "<group>";
		};
		787FBB651AD8EB7C00316651 /* Models */ = {
			isa = PBXGroup;
			children = (
				786E90301ADB966500A93675 /* XHRoomModel.h */,
				786E90311ADB966500A93675 /* XHRoomModel.m */,
				78C13B921ADA0EF90020AAFA /* XHTokenModel.h */,
				78C13B931ADA0EF90020AAFA /* XHTokenModel.m */,
				786E905E1ADCC3F000A93675 /* XHMessageModel.h */,
				786E905F1ADCC3F000A93675 /* XHMessageModel.m */,
				787F172E1AEA11C3002B9DCD /* XHColorModel.h */,
				787F172F1AEA11C3002B9DCD /* XHColorModel.m */,
			);
			name = Models;
			sourceTree = "<group>";
		};
		78B08F391AE20B5400A26C53 /* MBProgressHUD */ = {
			isa = PBXGroup;
			children = (
				78B08F361AE20B4C00A26C53 /* MBProgressHUD.h */,
				78B08F371AE20B4C00A26C53 /* MBProgressHUD.m */,
			);
			name = MBProgressHUD;
			sourceTree = "<group>";
		};
		78C13B981ADA37DC0020AAFA /* New Feature */ = {
			isa = PBXGroup;
			children = (
				787DECE61AD93FF70081ECEE /* XHNewFeatureViewController.h */,
				787DECE71AD93FF70081ECEE /* XHNewFeatureViewController.m */,
			);
			name = "New Feature";
			sourceTree = "<group>";
		};
		78C13B991ADA380D0020AAFA /* Tools */ = {
			isa = PBXGroup;
			children = (
				78C13B951ADA101C0020AAFA /* XHTokenTools.h */,
				78C13B961ADA101C0020AAFA /* XHTokenTools.m */,
				78E1BA7B1AEB8FA9006A777F /* XHColorTools.h */,
				78E1BA7C1AEB8FA9006A777F /* XHColorTools.m */,
			);
			name = Tools;
			sourceTree = "<group>";
		};
		78C13B9D1ADA6D430020AAFA /* Views */ = {
			isa = PBXGroup;
			children = (
				786E90381ADBB50800A93675 /* XHRoomView.h */,
				786E90391ADBB50800A93675 /* XHRoomView.m */,
				78C13B9A1ADA6D370020AAFA /* XHImageView.h */,
				78C13B9B1ADA6D370020AAFA /* XHImageView.m */,
				781F1FEB1AE0C10600ACEACC /* XHChartView.h */,
				781F1FEC1AE0C10600ACEACC /* XHChartView.m */,
				78E614D51AE6447100191132 /* XHGaugeView.h */,
				78E614D61AE6447100191132 /* XHGaugeView.m */,
				787F172B1AE9E578002B9DCD /* XHColorsView.h */,
				787F172C1AE9E578002B9DCD /* XHColorsView.m */,
				7881B7581AEC97090079D1EB /* XHLineView.h */,
				7881B7591AEC97090079D1EB /* XHLineView.m */,
				78379E791AEE2A49008B5C87 /* XHTimePickerView.h */,
				78379E7A1AEE2A49008B5C87 /* XHTimePickerView.m */,
			);
			name = Views;
			sourceTree = "<group>";
		};
		78DD5B901AD780B700DC9FA0 = {
			isa = PBXGroup;
			children = (
				78DD5B9B1AD780B700DC9FA0 /* XHSmartHomeSystem */,
				78DD5BA91AD780B700DC9FA0 /* Images.xcassets */,
				78DD5BAB1AD780B700DC9FA0 /* LaunchScreen.xib */,
				78DD5BB51AD780B700DC9FA0 /* XHSmartHomeSystemTests */,
				78DD5B9A1AD780B700DC9FA0 /* Products */,
			);
			sourceTree = "<group>";
		};
		78DD5B9A1AD780B700DC9FA0 /* Products */ = {
			isa = PBXGroup;
			children = (
				78DD5B991AD780B700DC9FA0 /* XHSmartHomeSystem.app */,
				78DD5BB21AD780B700DC9FA0 /* XHSmartHomeSystemTests.xctest */,
			);
			name = Products;
			sourceTree = "<group>";
		};
		78DD5B9B1AD780B700DC9FA0 /* XHSmartHomeSystem */ = {
			isa = PBXGroup;
			children = (
				78B08F391AE20B5400A26C53 /* MBProgressHUD */,
				78E614961AE5ECFE00191132 /* Chart */,
				786E90541ADCBBC100A93675 /* UUChat */,
				78C13B991ADA380D0020AAFA /* Tools */,
				78C13B9D1ADA6D430020AAFA /* Views */,
				787FBB651AD8EB7C00316651 /* Models */,
				787FBB611AD8EA9F00316651 /* Cells */,
				787FBB5A1AD8E6BF00316651 /* Controllers */,
				78C13B981ADA37DC0020AAFA /* New Feature */,
				785531431ADE5EE800080703 /* Categorys */,
				78DD5B9C1AD780B700DC9FA0 /* Supporting Files */,
			);
			path = XHSmartHomeSystem;
			sourceTree = "<group>";
		};
		78DD5B9C1AD780B700DC9FA0 /* Supporting Files */ = {
			isa = PBXGroup;
			children = (
				786E90331ADBAD0A00A93675 /* data.plist */,
				787FBB6C1AD90CD200316651 /* XHSmartHome-Prefix.pch */,
				78DD5BA01AD780B700DC9FA0 /* AppDelegate.h */,
				78DD5BA11AD780B700DC9FA0 /* AppDelegate.m */,
				78DD5B9D1AD780B700DC9FA0 /* Info.plist */,
				78DD5B9E1AD780B700DC9FA0 /* main.m */,
			);
			name = "Supporting Files";
			sourceTree = "<group>";
		};
		78DD5BB51AD780B700DC9FA0 /* XHSmartHomeSystemTests */ = {
			isa = PBXGroup;
			children = (
				78DD5BB81AD780B700DC9FA0 /* XHSmartHomeSystemTests.m */,
				78DD5BB61AD780B700DC9FA0 /* Supporting Files */,
			);
			path = XHSmartHomeSystemTests;
			sourceTree = "<group>";
		};
		78DD5BB61AD780B700DC9FA0 /* Supporting Files */ = {
			isa = PBXGroup;
			children = (
				78DD5BB71AD780B700DC9FA0 /* Info.plist */,
			);
			name = "Supporting Files";
			sourceTree = "<group>";
		};
		78E614961AE5ECFE00191132 /* Chart */ = {
			isa = PBXGroup;
			children = (
				78E6149A1AE5ED7800191132 /* XHChart.h */,
				78E6149B1AE5ED7800191132 /* XHChart.m */,
				78E6149D1AE5EDCF00191132 /* XHLineChartItem.h */,
				78E6149E1AE5EDCF00191132 /* XHLineChartItem.m */,
				78E614931AE5ECE600191132 /* XHLineChartView.h */,
				78E614941AE5ECE600191132 /* XHLineChartView.m */,
				78E614971AE5ED4800191132 /* XHLineChartContentView.h */,
				78E614981AE5ED4800191132 /* XHLineChartContentView.m */,
			);
			name = Chart;
			sourceTree = "<group>";
		};
/* End PBXGroup section */

/* Begin PBXNativeTarget section */
		78DD5B981AD780B700DC9FA0 /* XHSmartHomeSystem */ = {
			isa = PBXNativeTarget;
			buildConfigurationList = 78DD5BBC1AD780B700DC9FA0 /* Build configuration list for PBXNativeTarget "XHSmartHomeSystem" */;
			buildPhases = (
				78DD5B951AD780B700DC9FA0 /* Sources */,
				78DD5B961AD780B700DC9FA0 /* Frameworks */,
				78DD5B971AD780B700DC9FA0 /* Resources */,
			);
			buildRules = (
			);
			dependencies = (
			);
			name = XHSmartHomeSystem;
			productName = XHSmartHomeSystem;
			productReference = 78DD5B991AD780B700DC9FA0 /* XHSmartHomeSystem.app */;
			productType = "com.apple.product-type.application";
		};
		78DD5BB11AD780B700DC9FA0 /* XHSmartHomeSystemTests */ = {
			isa = PBXNativeTarget;
			buildConfigurationList = 78DD5BBF1AD780B700DC9FA0 /* Build configuration list for PBXNativeTarget "XHSmartHomeSystemTests" */;
			buildPhases = (
				78DD5BAE1AD780B700DC9FA0 /* Sources */,
				78DD5BAF1AD780B700DC9FA0 /* Frameworks */,
				78DD5BB01AD780B700DC9FA0 /* Resources */,
			);
			buildRules = (
			);
			dependencies = (
				78DD5BB41AD780B700DC9FA0 /* PBXTargetDependency */,
			);
			name = XHSmartHomeSystemTests;
			productName = XHSmartHomeSystemTests;
			productReference = 78DD5BB21AD780B700DC9FA0 /* XHSmartHomeSystemTests.xctest */;
			productType = "com.apple.product-type.bundle.unit-test";
		};
/* End PBXNativeTarget section */

/* Begin PBXProject section */
		78DD5B911AD780B700DC9FA0 /* Project object */ = {
			isa = PBXProject;
			attributes = {
				LastUpgradeCheck = 0630;
				ORGANIZATIONNAME = bl4ckra1sond3tre;
				TargetAttributes = {
					78DD5B981AD780B700DC9FA0 = {
						CreatedOnToolsVersion = 6.3;
					};
					78DD5BB11AD780B700DC9FA0 = {
						CreatedOnToolsVersion = 6.3;
						TestTargetID = 78DD5B981AD780B700DC9FA0;
					};
				};
			};
			buildConfigurationList = 78DD5B941AD780B700DC9FA0 /* Build configuration list for PBXProject "XHSmartHomeSystem" */;
			compatibilityVersion = "Xcode 3.2";
			developmentRegion = English;
			hasScannedForEncodings = 0;
			knownRegions = (
				en,
				Base,
			);
			mainGroup = 78DD5B901AD780B700DC9FA0;
			productRefGroup = 78DD5B9A1AD780B700DC9FA0 /* Products */;
			projectDirPath = "";
			projectRoot = "";
			targets = (
				78DD5B981AD780B700DC9FA0 /* XHSmartHomeSystem */,
				78DD5BB11AD780B700DC9FA0 /* XHSmartHomeSystemTests */,
			);
		};
/* End PBXProject section */

/* Begin PBXResourcesBuildPhase section */
		78DD5B971AD780B700DC9FA0 /* Resources */ = {
			isa = PBXResourcesBuildPhase;
			buildActionMask = 2147483647;
			files = (
				786E90341ADBAD0A00A93675 /* data.plist in Resources */,
				78DD5BAD1AD780B700DC9FA0 /* LaunchScreen.xib in Resources */,
				78DD5BAA1AD780B700DC9FA0 /* Images.xcassets in Resources */,
			);
			runOnlyForDeploymentPostprocessing = 0;
		};
		78DD5BB01AD780B700DC9FA0 /* Resources */ = {
			isa = PBXResourcesBuildPhase;
			buildActionMask = 2147483647;
			files = (
			);
			runOnlyForDeploymentPostprocessing = 0;
		};
/* End PBXResourcesBuildPhase section */

/* Begin PBXSourcesBuildPhase section */
		78DD5B951AD780B700DC9FA0 /* Sources */ = {
			isa = PBXSourcesBuildPhase;
			buildActionMask = 2147483647;
			files = (
				787FBB591AD8E67D00316651 /* XHMessagesViewController.m in Sources */,
				783AF3A91AEB730F0090A81B /* XHTabBarController.m in Sources */,
				7866FADE1AE8C6F900250478 /* XHNotificationsViewController.m in Sources */,
				786E90601ADCC3F000A93675 /* XHMessageModel.m in Sources */,
				781F1FF01AE0C97600ACEACC /* XHChartViewController.m in Sources */,
				7866FABF1AE783C800250478 /* XHGaugeViewController.m in Sources */,
				786E90531ADCBBBC00A93675 /* NSDate+Utils.m in Sources */,
				78E1BA7D1AEB8FA9006A777F /* XHColorTools.m in Sources */,
				787FBB561AD8E64100316651 /* XHHomeViewController.m in Sources */,
				78B08F381AE20B4C00A26C53 /* MBProgressHUD.m in Sources */,
				787F17301AEA11C3002B9DCD /* XHColorModel.m in Sources */,
				783AF3AC1AEB735D0090A81B /* XHNavigationController.m in Sources */,
				7866FAD81AE8C5AC00250478 /* XHDisplayViewController.m in Sources */,
				786E903A1ADBB50800A93675 /* XHRoomView.m in Sources */,
				785531521ADF58E500080703 /* XHTableViewCellSwitchItem.m in Sources */,
				7866FAD21AE8C4FB00250478 /* XHSecurityViewController.m in Sources */,
				787FBB501AD8E5A200316651 /* XHSettingsViewController.m in Sources */,
				786E90501ADCBBAE00A93675 /* UUMessageFrame.m in Sources */,
				78E614D71AE6447100191132 /* XHGaugeView.m in Sources */,
				7866FAE41AE937A500250478 /* XHTableViewCellCheckmarkItem.m in Sources */,
				78E614951AE5ECE600191132 /* XHLineChartView.m in Sources */,
				786E903D1ADBB54E00A93675 /* XHTableViewCell.m in Sources */,
				7866FAE11AE936DD00250478 /* XHLanguageViewController.m in Sources */,
				786E90321ADB966500A93675 /* XHRoomModel.m in Sources */,
				786E904F1ADCBBAE00A93675 /* UUMessageCell.m in Sources */,
				78379E7B1AEE2A49008B5C87 /* XHTimePickerView.m in Sources */,
				78E6149C1AE5ED7800191132 /* XHChart.m in Sources */,
				786E904E1ADCBBAE00A93675 /* UUMessage.m in Sources */,
				7855315B1ADF8CEB00080703 /* XHTableViewController.m in Sources */,
				787F17361AEA6949002B9DCD /* XHThemeViewController.m in Sources */,
				7881B75A1AEC97090079D1EB /* XHLineView.m in Sources */,
				78379E771AEE19F1008B5C87 /* XHNotificationTypeViewController.m in Sources */,
				785531421ADE583B00080703 /* UIBarButtonItem+Extension.m in Sources */,
				787FBB5D1AD8E99800316651 /* XHLinkinViewController.m in Sources */,
				78C13B971ADA101C0020AAFA /* XHTokenTools.m in Sources */,
				7881B75F1AECCC2A0079D1EB /* UICircularSlider.m in Sources */,
				786E905A1ADCBE4700A93675 /* UUImageAvatarBrowser.m in Sources */,
				785531491ADF50BE00080703 /* XHTableViewCellItem.m in Sources */,
				785531461ADF501600080703 /* XHTableViewCellGroup.m in Sources */,
				78C13B941ADA0EF90020AAFA /* XHTokenModel.m in Sources */,
				78AFFCF61AEF8AF9003FCF5E /* XHAboutViewController.m in Sources */,
				78E614991AE5ED4800191132 /* XHLineChartContentView.m in Sources */,
				7855314F1ADF58C800080703 /* XHTableViewCellArrowItem.m in Sources */,
				7855314C1ADF528E00080703 /* XHRoomTableViewCell.m in Sources */,
				78E6149F1AE5EDCF00191132 /* XHLineChartItem.m in Sources */,
				787F172D1AE9E578002B9DCD /* XHColorsView.m in Sources */,
				787DECE81AD93FF70081ECEE /* XHNewFeatureViewController.m in Sources */,
				78DD5BA21AD780B700DC9FA0 /* AppDelegate.m in Sources */,
				781F1FED1AE0C10600ACEACC /* XHChartView.m in Sources */,
				785531551ADF5C1F00080703 /* XHTableViewCellLabelItem.m in Sources */,
				7866FADB1AE8C6A100250478 /* XHFeaturesViewController.m in Sources */,
				78DD5B9F1AD780B700DC9FA0 /* main.m in Sources */,
				78C13B9C1ADA6D370020AAFA /* XHImageView.m in Sources */,
				7855315E1ADF907300080703 /* XHGeneralSettingsViewController.m in Sources */,
				786E90571ADCBD6000A93675 /* UUMessageContentButton.m in Sources */,
			);
			runOnlyForDeploymentPostprocessing = 0;
		};
		78DD5BAE1AD780B700DC9FA0 /* Sources */ = {
			isa = PBXSourcesBuildPhase;
			buildActionMask = 2147483647;
			files = (
				78DD5BB91AD780B700DC9FA0 /* XHSmartHomeSystemTests.m in Sources */,
			);
			runOnlyForDeploymentPostprocessing = 0;
		};
/* End PBXSourcesBuildPhase section */

/* Begin PBXTargetDependency section */
		78DD5BB41AD780B700DC9FA0 /* PBXTargetDependency */ = {
			isa = PBXTargetDependency;
			target = 78DD5B981AD780B700DC9FA0 /* XHSmartHomeSystem */;
			targetProxy = 78DD5BB31AD780B700DC9FA0 /* PBXContainerItemProxy */;
		};
/* End PBXTargetDependency section */

/* Begin PBXVariantGroup section */
		78DD5BAB1AD780B700DC9FA0 /* LaunchScreen.xib */ = {
			isa = PBXVariantGroup;
			children = (
				78DD5BAC1AD780B700DC9FA0 /* Base */,
			);
			name = LaunchScreen.xib;
			path = XHSmartHomeSystem;
			sourceTree = "<group>";
		};
/* End PBXVariantGroup section */

/* Begin XCBuildConfiguration section */
		78DD5BBA1AD780B700DC9FA0 /* Debug */ = {
			isa = XCBuildConfiguration;
			buildSettings = {
				ALWAYS_SEARCH_USER_PATHS = NO;
				CLANG_CXX_LANGUAGE_STANDARD = "gnu++0x";
				CLANG_CXX_LIBRARY = "libc++";
				CLANG_ENABLE_MODULES = YES;
				CLANG_ENABLE_OBJC_ARC = YES;
				CLANG_WARN_BOOL_CONVERSION = YES;
				CLANG_WARN_CONSTANT_CONVERSION = YES;
				CLANG_WARN_DIRECT_OBJC_ISA_USAGE = YES_ERROR;
				CLANG_WARN_EMPTY_BODY = YES;
				CLANG_WARN_ENUM_CONVERSION = YES;
				CLANG_WARN_INT_CONVERSION = YES;
				CLANG_WARN_OBJC_ROOT_CLASS = YES_ERROR;
				CLANG_WARN_UNREACHABLE_CODE = YES;
				CLANG_WARN__DUPLICATE_METHOD_MATCH = YES;
				"CODE_SIGN_IDENTITY[sdk=iphoneos*]" = "iPhone Developer";
				COPY_PHASE_STRIP = NO;
				DEBUG_INFORMATION_FORMAT = "dwarf-with-dsym";
				ENABLE_STRICT_OBJC_MSGSEND = YES;
				GCC_C_LANGUAGE_STANDARD = gnu99;
				GCC_DYNAMIC_NO_PIC = NO;
				GCC_NO_COMMON_BLOCKS = YES;
				GCC_OPTIMIZATION_LEVEL = 0;
				GCC_PREPROCESSOR_DEFINITIONS = (
					"DEBUG=1",
					"$(inherited)",
				);
				GCC_SYMBOLS_PRIVATE_EXTERN = NO;
				GCC_WARN_64_TO_32_BIT_CONVERSION = YES;
				GCC_WARN_ABOUT_RETURN_TYPE = YES_ERROR;
				GCC_WARN_UNDECLARED_SELECTOR = YES;
				GCC_WARN_UNINITIALIZED_AUTOS = YES_AGGRESSIVE;
				GCC_WARN_UNUSED_FUNCTION = YES;
				GCC_WARN_UNUSED_VARIABLE = YES;
				IPHONEOS_DEPLOYMENT_TARGET = 8.3;
				MTL_ENABLE_DEBUG_INFO = YES;
				ONLY_ACTIVE_ARCH = YES;
				SDKROOT = iphoneos;
				TARGETED_DEVICE_FAMILY = "1,2";
			};
			name = Debug;
		};
		78DD5BBB1AD780B700DC9FA0 /* Release */ = {
			isa = XCBuildConfiguration;
			buildSettings = {
				ALWAYS_SEARCH_USER_PATHS = NO;
				CLANG_CXX_LANGUAGE_STANDARD = "gnu++0x";
				CLANG_CXX_LIBRARY = "libc++";
				CLANG_ENABLE_MODULES = YES;
				CLANG_ENABLE_OBJC_ARC = YES;
				CLANG_WARN_BOOL_CONVERSION = YES;
				CLANG_WARN_CONSTANT_CONVERSION = YES;
				CLANG_WARN_DIRECT_OBJC_ISA_USAGE = YES_ERROR;
				CLANG_WARN_EMPTY_BODY = YES;
				CLANG_WARN_ENUM_CONVERSION = YES;
				CLANG_WARN_INT_CONVERSION = YES;
				CLANG_WARN_OBJC_ROOT_CLASS = YES_ERROR;
				CLANG_WARN_UNREACHABLE_CODE = YES;
				CLANG_WARN__DUPLICATE_METHOD_MATCH = YES;
				"CODE_SIGN_IDENTITY[sdk=iphoneos*]" = "iPhone Developer";
				COPY_PHASE_STRIP = NO;
				DEBUG_INFORMATION_FORMAT = "dwarf-with-dsym";
				ENABLE_NS_ASSERTIONS = NO;
				ENABLE_STRICT_OBJC_MSGSEND = YES;
				GCC_C_LANGUAGE_STANDARD = gnu99;
				GCC_NO_COMMON_BLOCKS = YES;
				GCC_WARN_64_TO_32_BIT_CONVERSION = YES;
				GCC_WARN_ABOUT_RETURN_TYPE = YES_ERROR;
				GCC_WARN_UNDECLARED_SELECTOR = YES;
				GCC_WARN_UNINITIALIZED_AUTOS = YES_AGGRESSIVE;
				GCC_WARN_UNUSED_FUNCTION = YES;
				GCC_WARN_UNUSED_VARIABLE = YES;
				IPHONEOS_DEPLOYMENT_TARGET = 8.3;
				MTL_ENABLE_DEBUG_INFO = NO;
				SDKROOT = iphoneos;
				TARGETED_DEVICE_FAMILY = "1,2";
				VALIDATE_PRODUCT = YES;
			};
			name = Release;
		};
		78DD5BBD1AD780B700DC9FA0 /* Debug */ = {
			isa = XCBuildConfiguration;
			buildSettings = {
				ASSETCATALOG_COMPILER_APPICON_NAME = AppIcon;
				GCC_PRECOMPILE_PREFIX_HEADER = YES;
				GCC_PREFIX_HEADER = "$(SRCROOT)/XHSmartHomeSystem/XHSmartHome-Prefix.pch";
				INFOPLIST_FILE = XHSmartHomeSystem/Info.plist;
				IPHONEOS_DEPLOYMENT_TARGET = 8.3;
				LD_RUNPATH_SEARCH_PATHS = "$(inherited) @executable_path/Frameworks";
				PRODUCT_NAME = "$(TARGET_NAME)";
			};
			name = Debug;
		};
		78DD5BBE1AD780B700DC9FA0 /* Release */ = {
			isa = XCBuildConfiguration;
			buildSettings = {
				ASSETCATALOG_COMPILER_APPICON_NAME = AppIcon;
				GCC_PRECOMPILE_PREFIX_HEADER = YES;
				GCC_PREFIX_HEADER = "$(SRCROOT)/XHSmartHomeSystem/XHSmartHome-Prefix.pch";
				INFOPLIST_FILE = XHSmartHomeSystem/Info.plist;
				IPHONEOS_DEPLOYMENT_TARGET = 8.3;
				LD_RUNPATH_SEARCH_PATHS = "$(inherited) @executable_path/Frameworks";
				PRODUCT_NAME = "$(TARGET_NAME)";
			};
			name = Release;
		};
		78DD5BC01AD780B700DC9FA0 /* Debug */ = {
			isa = XCBuildConfiguration;
			buildSettings = {
				BUNDLE_LOADER = "$(TEST_HOST)";
				FRAMEWORK_SEARCH_PATHS = (
					"$(SDKROOT)/Developer/Library/Frameworks",
					"$(inherited)",
				);
				GCC_PREPROCESSOR_DEFINITIONS = (
					"DEBUG=1",
					"$(inherited)",
				);
				INFOPLIST_FILE = XHSmartHomeSystemTests/Info.plist;
				LD_RUNPATH_SEARCH_PATHS = "$(inherited) @executable_path/Frameworks @loader_path/Frameworks";
				PRODUCT_NAME = "$(TARGET_NAME)";
				TEST_HOST = "$(BUILT_PRODUCTS_DIR)/XHSmartHomeSystem.app/XHSmartHomeSystem";
			};
			name = Debug;
		};
		78DD5BC11AD780B700DC9FA0 /* Release */ = {
			isa = XCBuildConfiguration;
			buildSettings = {
				BUNDLE_LOADER = "$(TEST_HOST)";
				FRAMEWORK_SEARCH_PATHS = (
					"$(SDKROOT)/Developer/Library/Frameworks",
					"$(inherited)",
				);
				INFOPLIST_FILE = XHSmartHomeSystemTests/Info.plist;
				LD_RUNPATH_SEARCH_PATHS = "$(inherited) @executable_path/Frameworks @loader_path/Frameworks";
				PRODUCT_NAME = "$(TARGET_NAME)";
				TEST_HOST = "$(BUILT_PRODUCTS_DIR)/XHSmartHomeSystem.app/XHSmartHomeSystem";
			};
			name = Release;
		};
/* End XCBuildConfiguration section */

/* Begin XCConfigurationList section */
		78DD5B941AD780B700DC9FA0 /* Build configuration list for PBXProject "XHSmartHomeSystem" */ = {
			isa = XCConfigurationList;
			buildConfigurations = (
				78DD5BBA1AD780B700DC9FA0 /* Debug */,
				78DD5BBB1AD780B700DC9FA0 /* Release */,
			);
			defaultConfigurationIsVisible = 0;
			defaultConfigurationName = Release;
		};
		78DD5BBC1AD780B700DC9FA0 /* Build configuration list for PBXNativeTarget "XHSmartHomeSystem" */ = {
			isa = XCConfigurationList;
			buildConfigurations = (
				78DD5BBD1AD780B700DC9FA0 /* Debug */,
				78DD5BBE1AD780B700DC9FA0 /* Release */,
			);
			defaultConfigurationIsVisible = 0;
			defaultConfigurationName = Release;
		};
		78DD5BBF1AD780B700DC9FA0 /* Build configuration list for PBXNativeTarget "XHSmartHomeSystemTests" */ = {
			isa = XCConfigurationList;
			buildConfigurations = (
				78DD5BC01AD780B700DC9FA0 /* Debug */,
				78DD5BC11AD780B700DC9FA0 /* Release */,
			);
			defaultConfigurationIsVisible = 0;
			defaultConfigurationName = Release;
		};
/* End XCConfigurationList section */
	};
	rootObject = 78DD5B911AD780B700DC9FA0 /* Project object */;
}
